<?xml version="1.0" encoding="utf-8"?>
<Project ToolsVersion="4.0" xmlns="http://schemas.microsoft.com/developer/msbuild/2003">
  <ItemGroup>
    <ClCompile Include="BicompFilter.cpp">
      <Filter>Sources\Algorithms\Filters</Filter>
    </ClCompile>
    <ClCompile Include="Bitmap.cpp">
      <Filter>Sources\Containers</Filter>
    </ClCompile>
    <ClCompile Include="Line.cpp">
      <Filter>Sources\Primitives</Filter>
    </ClCompile>
    <ClCompile Include="MainFilter.cpp">
      <Filter>Sources\Algorithms\Filters</Filter>
    </ClCompile>
    <ClCompile Include="MedianFilter.cpp">
      <Filter>Sources\Algorithms\Filters</Filter>
    </ClCompile>
    <ClCompile Include="Point.cpp">
      <Filter>Sources\Primitives</Filter>
    </ClCompile>
    <ClCompile Include="Triangle.cpp">
      <Filter>Sources\Primitives</Filter>
    </ClCompile>
    <ClCompile Include="HoughTransformator.cpp">
      <Filter>Sources\Algorithms</Filter>
    </ClCompile>
    <ClCompile Include="WuDrawer.cpp">
      <Filter>Sources\Algorithms</Filter>
    </ClCompile>
    <ClCompile Include="Main.cpp" />
  </ItemGroup>
  <ItemGroup>
    <ClInclude Include="BicompFilter.h">
      <Filter>Sources\Algorithms\Filters</Filter>
    </ClInclude>
    <ClInclude Include="Bitmap.h">
      <Filter>Sources\Containers</Filter>
    </ClInclude>
    <ClInclude Include="Line.h">
      <Filter>Sources\Primitives</Filter>
    </ClInclude>
    <ClInclude Include="MainFilter.h">
      <Filter>Sources\Algorithms\Filters</Filter>
    </ClInclude>
    <ClInclude Include="MedianFilter.h">
      <Filter>Sources\Algorithms\Filters</Filter>
    </ClInclude>
    <ClInclude Include="Point.h">
      <Filter>Sources\Primitives</Filter>
    </ClInclude>
    <ClInclude Include="Triangle.h">
      <Filter>Sources\Primitives</Filter>
    </ClInclude>
    <ClInclude Include="Matrix.h">
      <Filter>Sources\Containers</Filter>
    </ClInclude>
    <ClInclude Include="HoughTransformator.h">
      <Filter>Sources\Algorithms</Filter>
    </ClInclude>
    <ClInclude Include="WuDrawer.h">
      <Filter>Sources\Algorithms</Filter>
    </ClInclude>
  </ItemGroup>
  <ItemGroup>
    <Filter Include="Sources">
      <UniqueIdentifier>{a71c0847-abed-4a63-9dc4-86265f452d04}</UniqueIdentifier>
    </Filter>
    <Filter Include="Sources\Primitives">
      <UniqueIdentifier>{03298ef0-4da0-47c7-a57c-a0350c2b9c08}</UniqueIdentifier>
    </Filter>
    <Filter Include="Sources\Algorithms">
      <UniqueIdentifier>{47653d09-f5ae-4434-b0f9-bb5b4062fd82}</UniqueIdentifier>
    </Filter>
    <Filter Include="Sources\Containers">
      <UniqueIdentifier>{6c5526b5-d965-4670-b80a-8f2853d179f1}</UniqueIdentifier>
    </Filter>
    <Filter Include="Sources\Algorithms\Filters">
      <UniqueIdentifier>{fd4745a7-030a-4570-a59e-c17d1f9f2559}</UniqueIdentifier>
    </Filter>
  </ItemGroup>
</Project>