<?xml version="1.0" encoding="utf-8"?>
<Project ToolsVersion="4.0" xmlns="http://schemas.microsoft.com/developer/msbuild/2003">
  <ItemGroup>
    <ClCompile Include="WuDrawer.cpp">
      <Filter>Sources</Filter>
    </ClCompile>
    <ClCompile Include="Main.cpp" />
    <ClCompile Include="Line.cpp">
      <Filter>Sources\Primitives</Filter>
    </ClCompile>
    <ClCompile Include="Point.cpp">
      <Filter>Sources\Primitives</Filter>
    </ClCompile>
    <ClCompile Include="Triangle.cpp">
      <Filter>Sources\Primitives</Filter>
    </ClCompile>
    <ClCompile Include="Bitmap.cpp">
      <Filter>Sources\Containers</Filter>
    </ClCompile>
    <ClCompile Include="BicompFilter.cpp">
      <Filter>Sources\Filters</Filter>
    </ClCompile>
    <ClCompile Include="FFT.cpp">
      <Filter>Sources</Filter>
    </ClCompile>
  </ItemGroup>
  <ItemGroup>
    <ClInclude Include="WuDrawer.h">
      <Filter>Headers</Filter>
    </ClInclude>
    <ClInclude Include="Line.h">
      <Filter>Headers\Primitives</Filter>
    </ClInclude>
    <ClInclude Include="Point.h">
      <Filter>Headers\Primitives</Filter>
    </ClInclude>
    <ClInclude Include="Triangle.h">
      <Filter>Headers\Primitives</Filter>
    </ClInclude>
    <ClInclude Include="Bitmap.h">
      <Filter>Headers\Containers</Filter>
    </ClInclude>
    <ClInclude Include="Matrix.h">
      <Filter>Headers\Containers</Filter>
    </ClInclude>
    <ClInclude Include="BicompFilter.h">
      <Filter>Headers\Filters</Filter>
    </ClInclude>
    <ClInclude Include="MedianFilter.h">
      <Filter>Headers\Filters</Filter>
    </ClInclude>
    <ClInclude Include="FFT.h">
      <Filter>Headers</Filter>
    </ClInclude>
  </ItemGroup>
  <ItemGroup>
    <Filter Include="Headers">
      <UniqueIdentifier>{655dbe4b-1a8e-462e-a653-3d3158512138}</UniqueIdentifier>
    </Filter>
    <Filter Include="Sources">
      <UniqueIdentifier>{9ff913c5-3a13-4205-8495-b1f73444acb4}</UniqueIdentifier>
    </Filter>
    <Filter Include="Headers\Primitives">
      <UniqueIdentifier>{03298ef0-4da0-47c7-a57c-a0350c2b9c08}</UniqueIdentifier>
    </Filter>
    <Filter Include="Sources\Primitives">
      <UniqueIdentifier>{52b387cc-1812-4102-b0c5-c96bd13bf7f5}</UniqueIdentifier>
    </Filter>
    <Filter Include="Headers\Containers">
      <UniqueIdentifier>{6c5526b5-d965-4670-b80a-8f2853d179f1}</UniqueIdentifier>
    </Filter>
    <Filter Include="Sources\Containers">
      <UniqueIdentifier>{ba3f4629-06d9-4be1-a504-c0932432e722}</UniqueIdentifier>
    </Filter>
    <Filter Include="Headers\Filters">
      <UniqueIdentifier>{fd4745a7-030a-4570-a59e-c17d1f9f2559}</UniqueIdentifier>
    </Filter>
    <Filter Include="Sources\Filters">
      <UniqueIdentifier>{0f664fe7-c4cd-453a-9fe6-b5c3f66e0332}</UniqueIdentifier>
    </Filter>
  </ItemGroup>
</Project>